// !$*UTF8*$!
{
	archiveVersion = 1;
	classes = {
	};
	objectVersion = 55;
	objects = {

/* Begin PBXBuildFile section */
		8671E8D626EF592E00D71EFD /* XCTestDemoApp.swift in Sources */ = {isa = PBXBuildFile; fileRef = 8671E8D526EF592E00D71EFD /* XCTestDemoApp.swift */; };
		8671E8D826EF592E00D71EFD /* ContentView.swift in Sources */ = {isa = PBXBuildFile; fileRef = 8671E8D726EF592E00D71EFD /* ContentView.swift */; };
		8671E8DA26EF593000D71EFD /* Assets.xcassets in Resources */ = {isa = PBXBuildFile; fileRef = 8671E8D926EF593000D71EFD /* Assets.xcassets */; };
		8671E8DD26EF593000D71EFD /* Preview Assets.xcassets in Resources */ = {isa = PBXBuildFile; fileRef = 8671E8DC26EF593000D71EFD /* Preview Assets.xcassets */; };
		8671E8E726EF593000D71EFD /* XCTestDemoTests.swift in Sources */ = {isa = PBXBuildFile; fileRef = 8671E8E626EF593000D71EFD /* XCTestDemoTests.swift */; };
		8671E8F126EF593000D71EFD /* XCTestDemoUITests.swift in Sources */ = {isa = PBXBuildFile; fileRef = 8671E8F026EF593000D71EFD /* XCTestDemoUITests.swift */; };
		8671E8F326EF593000D71EFD /* XCTestDemoUITestsLaunchTests.swift in Sources */ = {isa = PBXBuildFile; fileRef = 8671E8F226EF593000D71EFD /* XCTestDemoUITestsLaunchTests.swift */; };
		86E0C14E26EF5F8E0052CFDC /* Blank.swift in Sources */ = {isa = PBXBuildFile; fileRef = 86E0C14D26EF5F8D0052CFDC /* Blank.swift */; };
		86E0C15026EF5FD60052CFDC /* LeapYearTests.swift in Sources */ = {isa = PBXBuildFile; fileRef = 86E0C14F26EF5FD60052CFDC /* LeapYearTests.swift */; };
/* End PBXBuildFile section */

/* Begin PBXContainerItemProxy section */
		8671E8E326EF593000D71EFD /* PBXContainerItemProxy */ = {
			isa = PBXContainerItemProxy;
			containerPortal = 8671E8CA26EF592E00D71EFD /* Project object */;
			proxyType = 1;
			remoteGlobalIDString = 8671E8D126EF592E00D71EFD;
			remoteInfo = XCTestDemo;
		};
		8671E8ED26EF593000D71EFD /* PBXContainerItemProxy */ = {
			isa = PBXContainerItemProxy;
			containerPortal = 8671E8CA26EF592E00D71EFD /* Project object */;
			proxyType = 1;
			remoteGlobalIDString = 8671E8D126EF592E00D71EFD;
			remoteInfo = XCTestDemo;
		};
/* End PBXContainerItemProxy section */

/* Begin PBXFileReference section */
		8671E8D226EF592E00D71EFD /* XCTestDemo.app */ = {isa = PBXFileReference; explicitFileType = wrapper.application; includeInIndex = 0; path = XCTestDemo.app; sourceTree = BUILT_PRODUCTS_DIR; };
		8671E8D526EF592E00D71EFD /* XCTestDemoApp.swift */ = {isa = PBXFileReference; lastKnownFileType = sourcecode.swift; path = XCTestDemoApp.swift; sourceTree = "<group>"; };
		8671E8D726EF592E00D71EFD /* ContentView.swift */ = {isa = PBXFileReference; lastKnownFileType = sourcecode.swift; path = ContentView.swift; sourceTree = "<group>"; };
		8671E8D926EF593000D71EFD /* Assets.xcassets */ = {isa = PBXFileReference; lastKnownFileType = folder.assetcatalog; path = Assets.xcassets; sourceTree = "<group>"; };
		8671E8DC26EF593000D71EFD /* Preview Assets.xcassets */ = {isa = PBXFileReference; lastKnownFileType = folder.assetcatalog; path = "Preview Assets.xcassets"; sourceTree = "<group>"; };
		8671E8E226EF593000D71EFD /* XCTestDemoTests.xctest */ = {isa = PBXFileReference; explicitFileType = wrapper.cfbundle; includeInIndex = 0; path = XCTestDemoTests.xctest; sourceTree = BUILT_PRODUCTS_DIR; };
		8671E8E626EF593000D71EFD /* XCTestDemoTests.swift */ = {isa = PBXFileReference; lastKnownFileType = sourcecode.swift; path = XCTestDemoTests.swift; sourceTree = "<group>"; };
		8671E8EC26EF593000D71EFD /* XCTestDemoUITests.xctest */ = {isa = PBXFileReference; explicitFileType = wrapper.cfbundle; includeInIndex = 0; path = XCTestDemoUITests.xctest; sourceTree = BUILT_PRODUCTS_DIR; };
		8671E8F026EF593000D71EFD /* XCTestDemoUITests.swift */ = {isa = PBXFileReference; lastKnownFileType = sourcecode.swift; path = XCTestDemoUITests.swift; sourceTree = "<group>"; };
		8671E8F226EF593000D71EFD /* XCTestDemoUITestsLaunchTests.swift */ = {isa = PBXFileReference; lastKnownFileType = sourcecode.swift; path = XCTestDemoUITestsLaunchTests.swift; sourceTree = "<group>"; };
		86E0C14D26EF5F8D0052CFDC /* Blank.swift */ = {isa = PBXFileReference; lastKnownFileType = sourcecode.swift; path = Blank.swift; sourceTree = "<group>"; };
		86E0C14F26EF5FD60052CFDC /* LeapYearTests.swift */ = {isa = PBXFileReference; lastKnownFileType = sourcecode.swift; path = LeapYearTests.swift; sourceTree = "<group>"; };
/* End PBXFileReference section */

/* Begin PBXFrameworksBuildPhase section */
		8671E8CF26EF592E00D71EFD /* Frameworks */ = {
			isa = PBXFrameworksBuildPhase;
			buildActionMask = 2147483647;
			files = (
			);
			runOnlyForDeploymentPostprocessing = 0;
		};
		8671E8DF26EF593000D71EFD /* Frameworks */ = {
			isa = PBXFrameworksBuildPhase;
			buildActionMask = 2147483647;
			files = (
			);
			runOnlyForDeploymentPostprocessing = 0;
		};
		8671E8E926EF593000D71EFD /* Frameworks */ = {
			isa = PBXFrameworksBuildPhase;
			buildActionMask = 2147483647;
			files = (
			);
			runOnlyForDeploymentPostprocessing = 0;
		};
/* End PBXFrameworksBuildPhase section */

/* Begin PBXGroup section */
		8671E8C926EF592E00D71EFD = {
			isa = PBXGroup;
			children = (
				8671E8D426EF592E00D71EFD /* XCTestDemo */,
				8671E8E526EF593000D71EFD /* XCTestDemoTests */,
				8671E8EF26EF593000D71EFD /* XCTestDemoUITests */,
				8671E8D326EF592E00D71EFD /* Products */,
			);
			sourceTree = "<group>";
		};
		8671E8D326EF592E00D71EFD /* Products */ = {
			isa = PBXGroup;
			children = (
				8671E8D226EF592E00D71EFD /* XCTestDemo.app */,
				8671E8E226EF593000D71EFD /* XCTestDemoTests.xctest */,
				8671E8EC26EF593000D71EFD /* XCTestDemoUITests.xctest */,
			);
			name = Products;
			sourceTree = "<group>";
		};
		8671E8D426EF592E00D71EFD /* XCTestDemo */ = {
			isa = PBXGroup;
			children = (
				8671E8D526EF592E00D71EFD /* XCTestDemoApp.swift */,
				8671E8D726EF592E00D71EFD /* ContentView.swift */,
				86E0C14D26EF5F8D0052CFDC /* Blank.swift */,
				8671E8D926EF593000D71EFD /* Assets.xcassets */,
				8671E8DB26EF593000D71EFD /* Preview Content */,
			);
			path = XCTestDemo;
			sourceTree = "<group>";
		};
		8671E8DB26EF593000D71EFD /* Preview Content */ = {
			isa = PBXGroup;
			children = (
				8671E8DC26EF593000D71EFD /* Preview Assets.xcassets */,
			);
			path = "Preview Content";
			sourceTree = "<group>";
		};
		8671E8E526EF593000D71EFD /* XCTestDemoTests */ = {
			isa = PBXGroup;
			children = (
				8671E8E626EF593000D71EFD /* XCTestDemoTests.swift */,
				86E0C14F26EF5FD60052CFDC /* LeapYearTests.swift */,
			);
			path = XCTestDemoTests;
			sourceTree = "<group>";
		};
		8671E8EF26EF593000D71EFD /* XCTestDemoUITests */ = {
			isa = PBXGroup;
			children = (
				8671E8F026EF593000D71EFD /* XCTestDemoUITests.swift */,
				8671E8F226EF593000D71EFD /* XCTestDemoUITestsLaunchTests.swift */,
			);
			path = XCTestDemoUITests;
			sourceTree = "<group>";
		};
/* End PBXGroup section */

/* Begin PBXNativeTarget section */
		8671E8D126EF592E00D71EFD /* XCTestDemo */ = {
			isa = PBXNativeTarget;
			buildConfigurationList = 8671E8F626EF593000D71EFD /* Build configuration list for PBXNativeTarget "XCTestDemo" */;
			buildPhases = (
				8671E8CE26EF592E00D71EFD /* Sources */,
				8671E8CF26EF592E00D71EFD /* Frameworks */,
				8671E8D026EF592E00D71EFD /* Resources */,
			);
			buildRules = (
			);
			dependencies = (
			);
			name = XCTestDemo;
			productName = XCTestDemo;
			productReference = 8671E8D226EF592E00D71EFD /* XCTestDemo.app */;
			productType = "com.apple.product-type.application";
		};
		8671E8E126EF593000D71EFD /* XCTestDemoTests */ = {
			isa = PBXNativeTarget;
			buildConfigurationList = 8671E8F926EF593000D71EFD /* Build configuration list for PBXNativeTarget "XCTestDemoTests" */;
			buildPhases = (
				8671E8DE26EF593000D71EFD /* Sources */,
				8671E8DF26EF593000D71EFD /* Frameworks */,
				8671E8E026EF593000D71EFD /* Resources */,
			);
			buildRules = (
			);
			dependencies = (
				8671E8E426EF593000D71EFD /* PBXTargetDependency */,
			);
			name = XCTestDemoTests;
			productName = XCTestDemoTests;
			productReference = 8671E8E226EF593000D71EFD /* XCTestDemoTests.xctest */;
			productType = "com.apple.product-type.bundle.unit-test";
		};
		8671E8EB26EF593000D71EFD /* XCTestDemoUITests */ = {
			isa = PBXNativeTarget;
			buildConfigurationList = 8671E8FC26EF593000D71EFD /* Build configuration list for PBXNativeTarget "XCTestDemoUITests" */;
			buildPhases = (
				8671E8E826EF593000D71EFD /* Sources */,
				8671E8E926EF593000D71EFD /* Frameworks */,
				8671E8EA26EF593000D71EFD /* Resources */,
			);
			buildRules = (
			);
			dependencies = (
				8671E8EE26EF593000D71EFD /* PBXTargetDependency */,
			);
			name = XCTestDemoUITests;
			productName = XCTestDemoUITests;
			productReference = 8671E8EC26EF593000D71EFD /* XCTestDemoUITests.xctest */;
			productType = "com.apple.product-type.bundle.ui-testing";
		};
/* End PBXNativeTarget section */

/* Begin PBXProject section */
		8671E8CA26EF592E00D71EFD /* Project object */ = {
			isa = PBXProject;
			attributes = {
				BuildIndependentTargetsInParallel = 1;
				LastSwiftUpdateCheck = 1300;
				LastUpgradeCheck = 1300;
				TargetAttributes = {
					8671E8D126EF592E00D71EFD = {
						CreatedOnToolsVersion = 13.0;
					};
					8671E8E126EF593000D71EFD = {
						CreatedOnToolsVersion = 13.0;
						TestTargetID = 8671E8D126EF592E00D71EFD;
					};
					8671E8EB26EF593000D71EFD = {
						CreatedOnToolsVersion = 13.0;
						TestTargetID = 8671E8D126EF592E00D71EFD;
					};
				};
			};
			buildConfigurationList = 8671E8CD26EF592E00D71EFD /* Build configuration list for PBXProject "XCTestDemo" */;
			compatibilityVersion = "Xcode 13.0";
			developmentRegion = en;
			hasScannedForEncodings = 0;
			knownRegions = (
				en,
				Base,
			);
			mainGroup = 8671E8C926EF592E00D71EFD;
			productRefGroup = 8671E8D326EF592E00D71EFD /* Products */;
			projectDirPath = "";
			projectRoot = "";
			targets = (
				8671E8D126EF592E00D71EFD /* XCTestDemo */,
				8671E8E126EF593000D71EFD /* XCTestDemoTests */,
				8671E8EB26EF593000D71EFD /* XCTestDemoUITests */,
			);
		};
/* End PBXProject section */

/* Begin PBXResourcesBuildPhase section */
		8671E8D026EF592E00D71EFD /* Resources */ = {
			isa = PBXResourcesBuildPhase;
			buildActionMask = 2147483647;
			files = (
				8671E8DD26EF593000D71EFD /* Preview Assets.xcassets in Resources */,
				8671E8DA26EF593000D71EFD /* Assets.xcassets in Resources */,
			);
			runOnlyForDeploymentPostprocessing = 0;
		};
		8671E8E026EF593000D71EFD /* Resources */ = {
			isa = PBXResourcesBuildPhase;
			buildActionMask = 2147483647;
			files = (
			);
			runOnlyForDeploymentPostprocessing = 0;
		};
		8671E8EA26EF593000D71EFD /* Resources */ = {
			isa = PBXResourcesBuildPhase;
			buildActionMask = 2147483647;
			files = (
			);
			runOnlyForDeploymentPostprocessing = 0;
		};
/* End PBXResourcesBuildPhase section */

/* Begin PBXSourcesBuildPhase section */
		8671E8CE26EF592E00D71EFD /* Sources */ = {
			isa = PBXSourcesBuildPhase;
			buildActionMask = 2147483647;
			files = (
				86E0C14E26EF5F8E0052CFDC /* Blank.swift in Sources */,
				8671E8D826EF592E00D71EFD /* ContentView.swift in Sources */,
				8671E8D626EF592E00D71EFD /* XCTestDemoApp.swift in Sources */,
			);
			runOnlyForDeploymentPostprocessing = 0;
		};
		8671E8DE26EF593000D71EFD /* Sources */ = {
			isa = PBXSourcesBuildPhase;
			buildActionMask = 2147483647;
			files = (
				86E0C15026EF5FD60052CFDC /* LeapYearTests.swift in Sources */,
				8671E8E726EF593000D71EFD /* XCTestDemoTests.swift in Sources */,
			);
			runOnlyForDeploymentPostprocessing = 0;
		};
		8671E8E826EF593000D71EFD /* Sources */ = {
			isa = PBXSourcesBuildPhase;
			buildActionMask = 2147483647;
			files = (
				8671E8F326EF593000D71EFD /* XCTestDemoUITestsLaunchTests.swift in Sources */,
				8671E8F126EF593000D71EFD /* XCTestDemoUITests.swift in Sources */,
			);
			runOnlyForDeploymentPostprocessing = 0;
		};
/* End PBXSourcesBuildPhase section */

/* Begin PBXTargetDependency section */
		8671E8E426EF593000D71EFD /* PBXTargetDependency */ = {
			isa = PBXTargetDependency;
			target = 8671E8D126EF592E00D71EFD /* XCTestDemo */;
			targetProxy = 8671E8E326EF593000D71EFD /* PBXContainerItemProxy */;
		};
		8671E8EE26EF593000D71EFD /* PBXTargetDependency */ = {
			isa = PBXTargetDependency;
			target = 8671E8D126EF592E00D71EFD /* XCTestDemo */;
			targetProxy = 8671E8ED26EF593000D71EFD /* PBXContainerItemProxy */;
		};
/* End PBXTargetDependency section */

/* Begin XCBuildConfiguration section */
		8671E8F426EF593000D71EFD /* Debug */ = {
			isa = XCBuildConfiguration;
			buildSettings = {
				ALWAYS_SEARCH_USER_PATHS = NO;
				CLANG_ANALYZER_NONNULL = YES;
				CLANG_ANALYZER_NUMBER_OBJECT_CONVERSION = YES_AGGRESSIVE;
				CLANG_CXX_LANGUAGE_STANDARD = "gnu++17";
				CLANG_CXX_LIBRARY = "libc++";
				CLANG_ENABLE_MODULES = YES;
				CLANG_ENABLE_OBJC_ARC = YES;
				CLANG_ENABLE_OBJC_WEAK = YES;
				CLANG_WARN_BLOCK_CAPTURE_AUTORELEASING = YES;
				CLANG_WARN_BOOL_CONVERSION = YES;
				CLANG_WARN_COMMA = YES;
				CLANG_WARN_CONSTANT_CONVERSION = YES;
				CLANG_WARN_DEPRECATED_OBJC_IMPLEMENTATIONS = YES;
				CLANG_WARN_DIRECT_OBJC_ISA_USAGE = YES_ERROR;
				CLANG_WARN_DOCUMENTATION_COMMENTS = YES;
				CLANG_WARN_EMPTY_BODY = YES;
				CLANG_WARN_ENUM_CONVERSION = YES;
				CLANG_WARN_INFINITE_RECURSION = YES;
				CLANG_WARN_INT_CONVERSION = YES;
				CLANG_WARN_NON_LITERAL_NULL_CONVERSION = YES;
				CLANG_WARN_OBJC_IMPLICIT_RETAIN_SELF = YES;
				CLANG_WARN_OBJC_LITERAL_CONVERSION = YES;
				CLANG_WARN_OBJC_ROOT_CLASS = YES_ERROR;
				CLANG_WARN_QUOTED_INCLUDE_IN_FRAMEWORK_HEADER = YES;
				CLANG_WARN_RANGE_LOOP_ANALYSIS = YES;
				CLANG_WARN_STRICT_PROTOTYPES = YES;
				CLANG_WARN_SUSPICIOUS_MOVE = YES;
				CLANG_WARN_UNGUARDED_AVAILABILITY = YES_AGGRESSIVE;
				CLANG_WARN_UNREACHABLE_CODE = YES;
				CLANG_WARN__DUPLICATE_METHOD_MATCH = YES;
				COPY_PHASE_STRIP = NO;
				DEBUG_INFORMATION_FORMAT = dwarf;
				ENABLE_STRICT_OBJC_MSGSEND = YES;
				ENABLE_TESTABILITY = YES;
				GCC_C_LANGUAGE_STANDARD = gnu11;
				GCC_DYNAMIC_NO_PIC = NO;
				GCC_NO_COMMON_BLOCKS = YES;
				GCC_OPTIMIZATION_LEVEL = 0;
				GCC_PREPROCESSOR_DEFINITIONS = (
					"DEBUG=1",
					"$(inherited)",
				);
				GCC_WARN_64_TO_32_BIT_CONVERSION = YES;
				GCC_WARN_ABOUT_RETURN_TYPE = YES_ERROR;
				GCC_WARN_UNDECLARED_SELECTOR = YES;
				GCC_WARN_UNINITIALIZED_AUTOS = YES_AGGRESSIVE;
				GCC_WARN_UNUSED_FUNCTION = YES;
				GCC_WARN_UNUSED_VARIABLE = YES;
				IPHONEOS_DEPLOYMENT_TARGET = 15.0;
				MTL_ENABLE_DEBUG_INFO = INCLUDE_SOURCE;
				MTL_FAST_MATH = YES;
				ONLY_ACTIVE_ARCH = YES;
				SDKROOT = iphoneos;
				SWIFT_ACTIVE_COMPILATION_CONDITIONS = DEBUG;
				SWIFT_OPTIMIZATION_LEVEL = "-Onone";
			};
			name = Debug;
		};
		8671E8F526EF593000D71EFD /* Release */ = {
			isa = XCBuildConfiguration;
			buildSettings = {
				ALWAYS_SEARCH_USER_PATHS = NO;
				CLANG_ANALYZER_NONNULL = YES;
				CLANG_ANALYZER_NUMBER_OBJECT_CONVERSION = YES_AGGRESSIVE;
				CLANG_CXX_LANGUAGE_STANDARD = "gnu++17";
				CLANG_CXX_LIBRARY = "libc++";
				CLANG_ENABLE_MODULES = YES;
				CLANG_ENABLE_OBJC_ARC = YES;
				CLANG_ENABLE_OBJC_WEAK = YES;
				CLANG_WARN_BLOCK_CAPTURE_AUTORELEASING = YES;
				CLANG_WARN_BOOL_CONVERSION = YES;
				CLANG_WARN_COMMA = YES;
				CLANG_WARN_CONSTANT_CONVERSION = YES;
				CLANG_WARN_DEPRECATED_OBJC_IMPLEMENTATIONS = YES;
				CLANG_WARN_DIRECT_OBJC_ISA_USAGE = YES_ERROR;
				CLANG_WARN_DOCUMENTATION_COMMENTS = YES;
				CLANG_WARN_EMPTY_BODY = YES;
				CLANG_WARN_ENUM_CONVERSION = YES;
				CLANG_WARN_INFINITE_RECURSION = YES;
				CLANG_WARN_INT_CONVERSION = YES;
				CLANG_WARN_NON_LITERAL_NULL_CONVERSION = YES;
				CLANG_WARN_OBJC_IMPLICIT_RETAIN_SELF = YES;
				CLANG_WARN_OBJC_LITERAL_CONVERSION = YES;
				CLANG_WARN_OBJC_ROOT_CLASS = YES_ERROR;
				CLANG_WARN_QUOTED_INCLUDE_IN_FRAMEWORK_HEADER = YES;
				CLANG_WARN_RANGE_LOOP_ANALYSIS = YES;
				CLANG_WARN_STRICT_PROTOTYPES = YES;
				CLANG_WARN_SUSPICIOUS_MOVE = YES;
				CLANG_WARN_UNGUARDED_AVAILABILITY = YES_AGGRESSIVE;
				CLANG_WARN_UNREACHABLE_CODE = YES;
				CLANG_WARN__DUPLICATE_METHOD_MATCH = YES;
				COPY_PHASE_STRIP = NO;
				DEBUG_INFORMATION_FORMAT = "dwarf-with-dsym";
				ENABLE_NS_ASSERTIONS = NO;
				ENABLE_STRICT_OBJC_MSGSEND = YES;
				GCC_C_LANGUAGE_STANDARD = gnu11;
				GCC_NO_COMMON_BLOCKS = YES;
				GCC_WARN_64_TO_32_BIT_CONVERSION = YES;
				GCC_WARN_ABOUT_RETURN_TYPE = YES_ERROR;
				GCC_WARN_UNDECLARED_SELECTOR = YES;
				GCC_WARN_UNINITIALIZED_AUTOS = YES_AGGRESSIVE;
				GCC_WARN_UNUSED_FUNCTION = YES;
				GCC_WARN_UNUSED_VARIABLE = YES;
				IPHONEOS_DEPLOYMENT_TARGET = 15.0;
				MTL_ENABLE_DEBUG_INFO = NO;
				MTL_FAST_MATH = YES;
				SDKROOT = iphoneos;
				SWIFT_COMPILATION_MODE = wholemodule;
				SWIFT_OPTIMIZATION_LEVEL = "-O";
				VALIDATE_PRODUCT = YES;
			};
			name = Release;
		};
		8671E8F726EF593000D71EFD /* Debug */ = {
			isa = XCBuildConfiguration;
			buildSettings = {
				ASSETCATALOG_COMPILER_APPICON_NAME = AppIcon;
				ASSETCATALOG_COMPILER_GLOBAL_ACCENT_COLOR_NAME = AccentColor;
				CODE_SIGN_STYLE = Automatic;
				CURRENT_PROJECT_VERSION = 1;
				DEVELOPMENT_ASSET_PATHS = "\"XCTestDemo/Preview Content\"";
				DEVELOPMENT_TEAM = 78H2K74BFK;
				ENABLE_PREVIEWS = YES;
				GENERATE_INFOPLIST_FILE = YES;
				INFOPLIST_KEY_UIApplicationSceneManifest_Generation = YES;
				INFOPLIST_KEY_UIApplicationSupportsIndirectInputEvents = YES;
				INFOPLIST_KEY_UILaunchScreen_Generation = YES;
				INFOPLIST_KEY_UISupportedInterfaceOrientations_iPad = "UIInterfaceOrientationPortrait UIInterfaceOrientationPortraitUpsideDown UIInterfaceOrientationLandscapeLeft UIInterfaceOrientationLandscapeRight";
				INFOPLIST_KEY_UISupportedInterfaceOrientations_iPhone = "UIInterfaceOrientationPortrait UIInterfaceOrientationLandscapeLeft UIInterfaceOrientationLandscapeRight";
				IPHONEOS_DEPLOYMENT_TARGET = 14.0;
				LD_RUNPATH_SEARCH_PATHS = (
					"$(inherited)",
					"@executable_path/Frameworks",
				);
				MARKETING_VERSION = 1.0;
				PRODUCT_BUNDLE_IDENTIFIER = io.AndyLEE.XCTestDemo;
				PRODUCT_NAME = "$(TARGET_NAME)";
				SWIFT_EMIT_LOC_STRINGS = YES;
				SWIFT_VERSION = 5.0;
				TARGETED_DEVICE_FAMILY = "1,2";
			};
			name = Debug;
		};
		8671E8F826EF593000D71EFD /* Release */ = {
			isa = XCBuildConfiguration;
			buildSettings = {
				ASSETCATALOG_COMPILER_APPICON_NAME = AppIcon;
				ASSETCATALOG_COMPILER_GLOBAL_ACCENT_COLOR_NAME = AccentColor;
				CODE_SIGN_STYLE = Automatic;
				CURRENT_PROJECT_VERSION = 1;
				DEVELOPMENT_ASSET_PATHS = "\"XCTestDemo/Preview Content\"";
				DEVELOPMENT_TEAM = 78H2K74BFK;
				ENABLE_PREVIEWS = YES;
				GENERATE_INFOPLIST_FILE = YES;
				INFOPLIST_KEY_UIApplicationSceneManifest_Generation = YES;
				INFOPLIST_KEY_UIApplicationSupportsIndirectInputEvents = YES;
				INFOPLIST_KEY_UILaunchScreen_Generation = YES;
				INFOPLIST_KEY_UISupportedInterfaceOrientations_iPad = "UIInterfaceOrientationPortrait UIInterfaceOrientationPortraitUpsideDown UIInterfaceOrientationLandscapeLeft UIInterfaceOrientationLandscapeRight";
				INFOPLIST_KEY_UISupportedInterfaceOrientations_iPhone = "UIInterfaceOrientationPortrait UIInterfaceOrientationLandscapeLeft UIInterfaceOrientationLandscapeRight";
				IPHONEOS_DEPLOYMENT_TARGET = 14.0;
				LD_RUNPATH_SEARCH_PATHS = (
					"$(inherited)",
					"@executable_path/Frameworks",
				);
				MARKETING_VERSION = 1.0;
				PRODUCT_BUNDLE_IDENTIFIER = io.AndyLEE.XCTestDemo;
				PRODUCT_NAME = "$(TARGET_NAME)";
				SWIFT_EMIT_LOC_STRINGS = YES;
				SWIFT_VERSION = 5.0;
				TARGETED_DEVICE_FAMILY = "1,2";
			};
			name = Release;
		};
		8671E8FA26EF593000D71EFD /* Debug */ = {
			isa = XCBuildConfiguration;
			buildSettings = {
				ALWAYS_EMBED_SWIFT_STANDARD_LIBRARIES = YES;
				BUNDLE_LOADER = "$(TEST_HOST)";
				CODE_SIGN_STYLE = Automatic;
				CURRENT_PROJECT_VERSION = 1;
				DEVELOPMENT_TEAM = 78H2K74BFK;
				GENERATE_INFOPLIST_FILE = YES;
				IPHONEOS_DEPLOYMENT_TARGET = 14.0;
				LD_RUNPATH_SEARCH_PATHS = (
					"$(inherited)",
					"@executable_path/Frameworks",
					"@loader_path/Frameworks",
				);
				MARKETING_VERSION = 1.0;
				PRODUCT_BUNDLE_IDENTIFIER = io.AndyLEE.XCTestDemoTests;
				PRODUCT_NAME = "$(TARGET_NAME)";
				SWIFT_EMIT_LOC_STRINGS = NO;
				SWIFT_VERSION = 5.0;
				TARGETED_DEVICE_FAMILY = "1,2";
				TEST_HOST = "$(BUILT_PRODUCTS_DIR)/XCTestDemo.app/XCTestDemo";
			};
			name = Debug;
		};
		8671E8FB26EF593000D71EFD /* Release */ = {
			isa = XCBuildConfiguration;
			buildSettings = {
				ALWAYS_EMBED_SWIFT_STANDARD_LIBRARIES = YES;
				BUNDLE_LOADER = "$(TEST_HOST)";
				CODE_SIGN_STYLE = Automatic;
				CURRENT_PROJECT_VERSION = 1;
				DEVELOPMENT_TEAM = 78H2K74BFK;
				GENERATE_INFOPLIST_FILE = YES;
				IPHONEOS_DEPLOYMENT_TARGET = 14.0;
				LD_RUNPATH_SEARCH_PATHS = (
					"$(inherited)",
					"@executable_path/Frameworks",
					"@loader_path/Frameworks",
				);
				MARKETING_VERSION = 1.0;
				PRODUCT_BUNDLE_IDENTIFIER = io.AndyLEE.XCTestDemoTests;
				PRODUCT_NAME = "$(TARGET_NAME)";
				SWIFT_EMIT_LOC_STRINGS = NO;
				SWIFT_VERSION = 5.0;
				TARGETED_DEVICE_FAMILY = "1,2";
				TEST_HOST = "$(BUILT_PRODUCTS_DIR)/XCTestDemo.app/XCTestDemo";
			};
			name = Release;
		};
		8671E8FD26EF593000D71EFD /* Debug */ = {
			isa = XCBuildConfiguration;
			buildSettings = {
				ALWAYS_EMBED_SWIFT_STANDARD_LIBRARIES = YES;
				CODE_SIGN_STYLE = Automatic;
				CURRENT_PROJECT_VERSION = 1;
				DEVELOPMENT_TEAM = 78H2K74BFK;
				GENERATE_INFOPLIST_FILE = YES;
				LD_RUNPATH_SEARCH_PATHS = (
					"$(inherited)",
					"@executable_path/Frameworks",
					"@loader_path/Frameworks",
				);
				MARKETING_VERSION = 1.0;
				PRODUCT_BUNDLE_IDENTIFIER = io.AndyLEE.XCTestDemoUITests;
				PRODUCT_NAME = "$(TARGET_NAME)";
				SWIFT_EMIT_LOC_STRINGS = NO;
				SWIFT_VERSION = 5.0;
				TARGETED_DEVICE_FAMILY = "1,2";
				TEST_TARGET_NAME = XCTestDemo;
			};
			name = Debug;
		};
		8671E8FE26EF593000D71EFD /* Release */ = {
			isa = XCBuildConfiguration;
			buildSettings = {
				ALWAYS_EMBED_SWIFT_STANDARD_LIBRARIES = YES;
				CODE_SIGN_STYLE = Automatic;
				CURRENT_PROJECT_VERSION = 1;
				DEVELOPMENT_TEAM = 78H2K74BFK;
				GENERATE_INFOPLIST_FILE = YES;
				LD_RUNPATH_SEARCH_PATHS = (
					"$(inherited)",
					"@executable_path/Frameworks",
					"@loader_path/Frameworks",
				);
				MARKETING_VERSION = 1.0;
				PRODUCT_BUNDLE_IDENTIFIER = io.AndyLEE.XCTestDemoUITests;
				PRODUCT_NAME = "$(TARGET_NAME)";
				SWIFT_EMIT_LOC_STRINGS = NO;
				SWIFT_VERSION = 5.0;
				TARGETED_DEVICE_FAMILY = "1,2";
				TEST_TARGET_NAME = XCTestDemo;
			};
			name = Release;
		};
/* End XCBuildConfiguration section */

/* Begin XCConfigurationList section */
		8671E8CD26EF592E00D71EFD /* Build configuration list for PBXProject "XCTestDemo" */ = {
			isa = XCConfigurationList;
			buildConfigurations = (
				8671E8F426EF593000D71EFD /* Debug */,
				8671E8F526EF593000D71EFD /* Release */,
			);
			defaultConfigurationIsVisible = 0;
			defaultConfigurationName = Release;
		};
		8671E8F626EF593000D71EFD /* Build configuration list for PBXNativeTarget "XCTestDemo" */ = {
			isa = XCConfigurationList;
			buildConfigurations = (
				8671E8F726EF593000D71EFD /* Debug */,
				8671E8F826EF593000D71EFD /* Release */,
			);
			defaultConfigurationIsVisible = 0;
			defaultConfigurationName = Release;
		};
		8671E8F926EF593000D71EFD /* Build configuration list for PBXNativeTarget "XCTestDemoTests" */ = {
			isa = XCConfigurationList;
			buildConfigurations = (
				8671E8FA26EF593000D71EFD /* Debug */,
				8671E8FB26EF593000D71EFD /* Release */,
			);
			defaultConfigurationIsVisible = 0;
			defaultConfigurationName = Release;
		};
		8671E8FC26EF593000D71EFD /* Build configuration list for PBXNativeTarget "XCTestDemoUITests" */ = {
			isa = XCConfigurationList;
			buildConfigurations = (
				8671E8FD26EF593000D71EFD /* Debug */,
				8671E8FE26EF593000D71EFD /* Release */,
			);
			defaultConfigurationIsVisible = 0;
			defaultConfigurationName = Release;
		};
/* End XCConfigurationList section */
	};
	rootObject = 8671E8CA26EF592E00D71EFD /* Project object */;
}
